version = 1
revision = 3
requires-python = ">=3.12"

[[package]]
name = "polars"
version = "1.35.1"
source = { registry = "https://pypi.org/simple" }
dependencies = [
    { name = "polars-runtime-32" },
]
sdist = { url = "https://files.pythonhosted.org/packages/9b/5b/3caad788d93304026cbf0ab4c37f8402058b64a2f153b9c62f8b30f5d2ee/polars-1.35.1.tar.gz", hash = "sha256:06548e6d554580151d6ca7452d74bceeec4640b5b9261836889b8e68cfd7a62e", size = 694881, upload-time = "2025-10-30T12:12:52.294Z" }
wheels = [
    { url = "https://files.pythonhosted.org/packages/9f/4c/21a227b722534404241c2a76beceb7463469d50c775a227fc5c209eb8adc/polars-1.35.1-py3-none-any.whl", hash = "sha256:c29a933f28aa330d96a633adbd79aa5e6a6247a802a720eead9933f4613bdbf4", size = 783598, upload-time = "2025-10-30T12:11:54.668Z" },
]

[[package]]
name = "polars-runtime-32"
version = "1.35.1"
source = { registry = "https://pypi.org/simple" }
sdist = { url = "https://files.pythonhosted.org/packages/df/3e/19c252e8eb4096300c1a36ec3e50a27e5fa9a1ccaf32d3927793c16abaee/polars_runtime_32-1.35.1.tar.gz", hash = "sha256:f6b4ec9cd58b31c87af1b8c110c9c986d82345f1d50d7f7595b5d447a19dc365", size = 2696218, upload-time = "2025-10-30T12:12:53.479Z" }
wheels = [
    { url = "https://files.pythonhosted.org/packages/08/2c/da339459805a26105e9d9c2f07e43ca5b8baeee55acd5457e6881487a79a/polars_runtime_32-1.35.1-cp39-abi3-macosx_10_12_x86_64.whl", hash = "sha256:6f051a42f6ae2f26e3bc2cf1f170f2120602976e2a3ffb6cfba742eecc7cc620", size = 40525100, upload-time = "2025-10-30T12:11:58.098Z" },
    { url = "https://files.pythonhosted.org/packages/27/70/a0733568b3533481924d2ce68b279ab3d7334e5fa6ed259f671f650b7c5e/polars_runtime_32-1.35.1-cp39-abi3-macosx_11_0_arm64.whl", hash = "sha256:c2232f9cf05ba59efc72d940b86c033d41fd2d70bf2742e8115ed7112a766aa9", size = 36701908, upload-time = "2025-10-30T12:12:02.166Z" },
    { url = "https://files.pythonhosted.org/packages/46/54/6c09137bef9da72fd891ba58c2962cc7c6c5cad4649c0e668d6b344a9d7b/polars_runtime_32-1.35.1-cp39-abi3-manylinux_2_17_x86_64.manylinux2014_x86_64.whl", hash = "sha256:42f9837348557fd674477ea40a6ac8a7e839674f6dd0a199df24be91b026024c", size = 41317692, upload-time = "2025-10-30T12:12:04.928Z" },
    { url = "https://files.pythonhosted.org/packages/22/55/81c5b266a947c339edd7fbaa9e1d9614012d02418453f48b76cc177d3dd9/polars_runtime_32-1.35.1-cp39-abi3-manylinux_2_24_aarch64.whl", hash = "sha256:c873aeb36fed182d5ebc35ca17c7eb193fe83ae2ea551ee8523ec34776731390", size = 37853058, upload-time = "2025-10-30T12:12:08.342Z" },
    { url = "https://files.pythonhosted.org/packages/6c/58/be8b034d559eac515f52408fd6537be9bea095bc0388946a4e38910d3d50/polars_runtime_32-1.35.1-cp39-abi3-win_amd64.whl", hash = "sha256:35cde9453ca7032933f0e58e9ed4388f5a1e415dd0db2dd1e442c81d815e630c", size = 41289554, upload-time = "2025-10-30T12:12:11.104Z" },
    { url = "https://files.pythonhosted.org/packages/f4/7f/e0111b9e2a1169ea82cde3ded9c92683e93c26dfccd72aee727996a1ac5b/polars_runtime_32-1.35.1-cp39-abi3-win_arm64.whl", hash = "sha256:fd77757a6c9eb9865c4bfb7b07e22225207c6b7da382bd0b9bd47732f637105d", size = 36958878, upload-time = "2025-10-30T12:12:15.206Z" },
]

[[package]]
name = "puk-2025"
version = "0.1.0"
source = { virtual = "." }
dependencies = [
    { name = "polars" },
    { name = "simpy" },
]

[package.metadata]
requires-dist = [
    { name = "polars", specifier = ">=1.35.1" },
    { name = "simpy", specifier = ">=4.1.1" },
]

[[package]]
name = "simpy"
version = "4.1.1"
source = { registry = "https://pypi.org/simple" }
sdist = { url = "https://files.pythonhosted.org/packages/a8/66/860505ec021a16f9d8cf4b8c4d60ee07bb427649b643312303698c93b551/simpy-4.1.1.tar.gz", hash = "sha256:06d0750a7884b11e0e8e20ce0bc7c6d4ed5f1743d456695340d13fdff95001a6", size = 408997, upload-time = "2023-11-13T03:39:04.909Z" }
wheels = [
    { url = "https://files.pythonhosted.org/packages/48/72/920ed1224c94a8a5a69e6c1275ac7fe4eb911ba8feffddf469f1629d47f3/simpy-4.1.1-py3-none-any.whl", hash = "sha256:7c5ae380240fd2238671160e4830956f8055830a8317edf5c05e495b3823cd88", size = 27224, upload-time = "2023-11-13T03:39:03.362Z" },
]
